// !$*UTF8*$!
{
	archiveVersion = 1;
	classes = {
	};
	objectVersion = 60;
	objects = {

/* Begin PBXBuildFile section */
		A10000000000000000001001 /* AppDelegate.swift in Sources */ = {isa = PBXBuildFile; fileRef = A10000000000000000002001 /* AppDelegate.swift */; };
		A10000000000000000001002 /* MenuBarController.swift in Sources */ = {isa = PBXBuildFile; fileRef = A10000000000000000002002 /* MenuBarController.swift */; };
		A10000000000000000001004 /* MultiDisplaySelectionOverlay.swift in Sources */ = {isa = PBXBuildFile; fileRef = A10000000000000000002004 /* MultiDisplaySelectionOverlay.swift */; };
		A10000000000000000001005 /* SelectionOverlayWindow.swift in Sources */ = {isa = PBXBuildFile; fileRef = A10000000000000000002005 /* SelectionOverlayWindow.swift */; };
		A10000000000000000001006 /* ScreenCaptureService.swift in Sources */ = {isa = PBXBuildFile; fileRef = A10000000000000000002006 /* ScreenCaptureService.swift */; };
		A10000000000000000001007 /* OCRService.swift in Sources */ = {isa = PBXBuildFile; fileRef = A10000000000000000002007 /* OCRService.swift */; };
		A10000000000000000001008 /* ClipboardService.swift in Sources */ = {isa = PBXBuildFile; fileRef = A10000000000000000002008 /* ClipboardService.swift */; };
		A10000000000000000001009 /* PermissionService.swift in Sources */ = {isa = PBXBuildFile; fileRef = A10000000000000000002009 /* PermissionService.swift */; };
		A1000000000000000000100A /* NotificationService.swift in Sources */ = {isa = PBXBuildFile; fileRef = A1000000000000000000200A /* NotificationService.swift */; };
		A1000000000000000000100B /* CaptureCoordinator.swift in Sources */ = {isa = PBXBuildFile; fileRef = A1000000000000000000200B /* CaptureCoordinator.swift */; };
		A1000000000000000000100D /* DebugLogger.swift in Sources */ = {isa = PBXBuildFile; fileRef = A1000000000000000000200E /* DebugLogger.swift */; };
		A1000000000000000000100E /* stc-app-icon.icns in Resources */ = {isa = PBXBuildFile; fileRef = A1000000000000000000200F /* stc-app-icon.icns */; };
		A1000000000000000000100F /* HotkeyManager.swift in Sources */ = {isa = PBXBuildFile; fileRef = A10000000000000000002010 /* HotkeyManager.swift */; };
		A10000000000000000001010 /* TranslationService.swift in Sources */ = {isa = PBXBuildFile; fileRef = A10000000000000000002011 /* TranslationService.swift */; };
		A10000000000000000001011 /* TranslationResultPanelController.swift in Sources */ = {isa = PBXBuildFile; fileRef = A10000000000000000002012 /* TranslationResultPanelController.swift */; };
		A10000000000000000001012 /* LanguageSettings.swift in Sources */ = {isa = PBXBuildFile; fileRef = A10000000000000000002013 /* LanguageSettings.swift */; };
		A10000000000000000001013 /* InterfaceLanguage.swift in Sources */ = {isa = PBXBuildFile; fileRef = A10000000000000000002014 /* InterfaceLanguage.swift */; };
		B10000000000000000001001 /* LanguageCompositionAnalyzer.swift in Sources */ = {isa = PBXBuildFile; fileRef = B10000000000000000002001 /* LanguageCompositionAnalyzer.swift */; };
		B10000000000000000001002 /* OCRQualityTests.swift in Sources */ = {isa = PBXBuildFile; fileRef = B10000000000000000002002 /* OCRQualityTests.swift */; };
		B10000000000000000001003 /* OCRService.swift in Sources */ = {isa = PBXBuildFile; fileRef = A10000000000000000002007 /* OCRService.swift */; };
		B10000000000000000001004 /* LanguageCompositionAnalyzer.swift in Sources */ = {isa = PBXBuildFile; fileRef = B10000000000000000002001 /* LanguageCompositionAnalyzer.swift */; };
		B10000000000000000001005 /* DebugLogger.swift in Sources */ = {isa = PBXBuildFile; fileRef = A1000000000000000000200E /* DebugLogger.swift */; };
/* End PBXBuildFile section */

/* Begin PBXFileReference section */
		A10000000000000000002001 /* AppDelegate.swift */ = {isa = PBXFileReference; lastKnownFileType = sourcecode.swift; path = AppDelegate.swift; sourceTree = "<group>"; };
		A10000000000000000002002 /* MenuBarController.swift */ = {isa = PBXFileReference; lastKnownFileType = sourcecode.swift; path = MenuBarController.swift; sourceTree = "<group>"; };
		A10000000000000000002004 /* MultiDisplaySelectionOverlay.swift */ = {isa = PBXFileReference; lastKnownFileType = sourcecode.swift; path = MultiDisplaySelectionOverlay.swift; sourceTree = "<group>"; };
		A10000000000000000002005 /* SelectionOverlayWindow.swift */ = {isa = PBXFileReference; lastKnownFileType = sourcecode.swift; path = SelectionOverlayWindow.swift; sourceTree = "<group>"; };
		A10000000000000000002006 /* ScreenCaptureService.swift */ = {isa = PBXFileReference; lastKnownFileType = sourcecode.swift; path = ScreenCaptureService.swift; sourceTree = "<group>"; };
		A10000000000000000002007 /* OCRService.swift */ = {isa = PBXFileReference; lastKnownFileType = sourcecode.swift; path = OCRService.swift; sourceTree = "<group>"; };
		A10000000000000000002008 /* ClipboardService.swift */ = {isa = PBXFileReference; lastKnownFileType = sourcecode.swift; path = ClipboardService.swift; sourceTree = "<group>"; };
		A10000000000000000002009 /* PermissionService.swift */ = {isa = PBXFileReference; lastKnownFileType = sourcecode.swift; path = PermissionService.swift; sourceTree = "<group>"; };
		A1000000000000000000200A /* NotificationService.swift */ = {isa = PBXFileReference; lastKnownFileType = sourcecode.swift; path = NotificationService.swift; sourceTree = "<group>"; };
		A1000000000000000000200B /* CaptureCoordinator.swift */ = {isa = PBXFileReference; lastKnownFileType = sourcecode.swift; path = CaptureCoordinator.swift; sourceTree = "<group>"; };
		A1000000000000000000200C /* Info.plist */ = {isa = PBXFileReference; lastKnownFileType = text.plist.xml; path = Info.plist; sourceTree = "<group>"; };
		A1000000000000000000200D /* ScreenTextClip.app */ = {isa = PBXFileReference; explicitFileType = wrapper.application; includeInIndex = 0; path = ScreenTextClip.app; sourceTree = BUILT_PRODUCTS_DIR; };
		A1000000000000000000200E /* DebugLogger.swift */ = {isa = PBXFileReference; lastKnownFileType = sourcecode.swift; path = DebugLogger.swift; sourceTree = "<group>"; };
		A1000000000000000000200F /* stc-app-icon.icns */ = {isa = PBXFileReference; lastKnownFileType = image.icns; path = "stc-app-icon.icns"; sourceTree = "<group>"; };
		A10000000000000000002010 /* HotkeyManager.swift */ = {isa = PBXFileReference; lastKnownFileType = sourcecode.swift; path = HotkeyManager.swift; sourceTree = "<group>"; };
		A10000000000000000002011 /* TranslationService.swift */ = {isa = PBXFileReference; lastKnownFileType = sourcecode.swift; path = TranslationService.swift; sourceTree = "<group>"; };
		A10000000000000000002012 /* TranslationResultPanelController.swift */ = {isa = PBXFileReference; lastKnownFileType = sourcecode.swift; path = TranslationResultPanelController.swift; sourceTree = "<group>"; };
		A10000000000000000002013 /* LanguageSettings.swift */ = {isa = PBXFileReference; lastKnownFileType = sourcecode.swift; path = LanguageSettings.swift; sourceTree = "<group>"; };
		A10000000000000000002014 /* InterfaceLanguage.swift */ = {isa = PBXFileReference; lastKnownFileType = sourcecode.swift; path = InterfaceLanguage.swift; sourceTree = "<group>"; };
		B10000000000000000002001 /* LanguageCompositionAnalyzer.swift */ = {isa = PBXFileReference; lastKnownFileType = sourcecode.swift; path = LanguageCompositionAnalyzer.swift; sourceTree = "<group>"; };
		B10000000000000000002002 /* OCRQualityTests.swift */ = {isa = PBXFileReference; lastKnownFileType = sourcecode.swift; path = OCRQualityTests.swift; sourceTree = "<group>"; };
		B10000000000000000002003 /* ScreenTextClipTests.xctest */ = {isa = PBXFileReference; explicitFileType = wrapper.cfbundle; includeInIndex = 0; path = ScreenTextClipTests.xctest; sourceTree = BUILT_PRODUCTS_DIR; };
/* End PBXFileReference section */

/* Begin PBXFrameworksBuildPhase section */
		A10000000000000000003002 /* Frameworks */ = {
			isa = PBXFrameworksBuildPhase;
			buildActionMask = 2147483647;
			files = (
			);
			runOnlyForDeploymentPostprocessing = 0;
		};
		B10000000000000000003002 /* Frameworks */ = {
			isa = PBXFrameworksBuildPhase;
			buildActionMask = 2147483647;
			files = (
			);
			runOnlyForDeploymentPostprocessing = 0;
		};
/* End PBXFrameworksBuildPhase section */

/* Begin PBXGroup section */
		A10000000000000000004001 = {
			isa = PBXGroup;
			children = (
				A10000000000000000004002 /* ScreenTextClip */,
				B10000000000000000004001 /* ScreenTextClipTests */,
				A10000000000000000004006 /* Products */,
			);
			sourceTree = "<group>";
		};
		A10000000000000000004002 /* ScreenTextClip */ = {
			isa = PBXGroup;
			children = (
				A10000000000000000004003 /* App */,
				A10000000000000000004004 /* Overlay */,
				A10000000000000000004005 /* Services */,
				A10000000000000000004007 /* Assets */,
				A1000000000000000000200C /* Info.plist */,
			);
			path = ScreenTextClip;
			sourceTree = "<group>";
		};
		A10000000000000000004003 /* App */ = {
			isa = PBXGroup;
			children = (
				A10000000000000000002001 /* AppDelegate.swift */,
				A10000000000000000002002 /* MenuBarController.swift */,
				A1000000000000000000200B /* CaptureCoordinator.swift */,
				A10000000000000000002010 /* HotkeyManager.swift */,
			);
			path = App;
			sourceTree = "<group>";
		};
		A10000000000000000004004 /* Overlay */ = {
			isa = PBXGroup;
			children = (
				A10000000000000000002004 /* MultiDisplaySelectionOverlay.swift */,
				A10000000000000000002005 /* SelectionOverlayWindow.swift */,
				A10000000000000000002012 /* TranslationResultPanelController.swift */,
			);
			path = Overlay;
			sourceTree = "<group>";
		};
		A10000000000000000004005 /* Services */ = {
			isa = PBXGroup;
			children = (
				A10000000000000000002006 /* ScreenCaptureService.swift */,
				A10000000000000000002007 /* OCRService.swift */,
				A10000000000000000002008 /* ClipboardService.swift */,
				A10000000000000000002009 /* PermissionService.swift */,
				A1000000000000000000200A /* NotificationService.swift */,
				A1000000000000000000200E /* DebugLogger.swift */,
				A10000000000000000002011 /* TranslationService.swift */,
				A10000000000000000002013 /* LanguageSettings.swift */,
				A10000000000000000002014 /* InterfaceLanguage.swift */,
				B10000000000000000002001 /* LanguageCompositionAnalyzer.swift */,
			);
			path = Services;
			sourceTree = "<group>";
		};
		A10000000000000000004006 /* Products */ = {
			isa = PBXGroup;
			children = (
				A1000000000000000000200D /* ScreenTextClip.app */,
				B10000000000000000002003 /* ScreenTextClipTests.xctest */,
			);
			name = Products;
			sourceTree = "<group>";
		};
		A10000000000000000004007 /* Assets */ = {
			isa = PBXGroup;
			children = (
				A1000000000000000000200F /* stc-app-icon.icns */,
			);
			path = Assets;
			sourceTree = "<group>";
		};
		B10000000000000000004001 /* ScreenTextClipTests */ = {
			isa = PBXGroup;
			children = (
				B10000000000000000002002 /* OCRQualityTests.swift */,
			);
			path = ScreenTextClipTests;
			sourceTree = "<group>";
		};
/* End PBXGroup section */

/* Begin PBXNativeTarget section */
		A10000000000000000000001 /* ScreenTextClip */ = {
			isa = PBXNativeTarget;
			buildConfigurationList = A10000000000000000006002 /* Build configuration list for PBXNativeTarget "ScreenTextClip" */;
			buildPhases = (
				A10000000000000000003001 /* Sources */,
				A10000000000000000003002 /* Frameworks */,
				A10000000000000000003003 /* Resources */,
			);
			buildRules = (
			);
			dependencies = (
			);
			name = ScreenTextClip;
			packageProductDependencies = (
			);
			productName = ScreenTextClip;
			productReference = A1000000000000000000200D /* ScreenTextClip.app */;
			productType = "com.apple.product-type.application";
		};
		B10000000000000000000001 /* ScreenTextClipTests */ = {
			isa = PBXNativeTarget;
			buildConfigurationList = B10000000000000000006001 /* Build configuration list for PBXNativeTarget "ScreenTextClipTests" */;
			buildPhases = (
				B10000000000000000003001 /* Sources */,
				B10000000000000000003002 /* Frameworks */,
				B10000000000000000003003 /* Resources */,
			);
			buildRules = (
			);
			dependencies = (
			);
			name = ScreenTextClipTests;
			packageProductDependencies = (
			);
			productName = ScreenTextClipTests;
			productReference = B10000000000000000002003 /* ScreenTextClipTests.xctest */;
			productType = "com.apple.product-type.bundle.unit-test";
		};
/* End PBXNativeTarget section */

/* Begin PBXProject section */
		A10000000000000000000002 /* Project object */ = {
			isa = PBXProject;
			attributes = {
				BuildIndependentTargetsInParallel = 1;
				LastSwiftUpdateCheck = 2650;
				LastUpgradeCheck = 2650;
				TargetAttributes = {
					A10000000000000000000001 = {
						CreatedOnToolsVersion = 26.5;
					};
					B10000000000000000000001 = {
						CreatedOnToolsVersion = 26.5;
						TestTargetID = A10000000000000000000001;
					};
				};
			};
			buildConfigurationList = A10000000000000000006001 /* Build configuration list for PBXProject "ScreenTextClip" */;
			compatibilityVersion = "Xcode 14.0";
			developmentRegion = en;
			hasScannedForEncodings = 0;
			knownRegions = (
				en,
				Base,
			);
			mainGroup = A10000000000000000004001;
			packageReferences = (
			);
			productRefGroup = A10000000000000000004006 /* Products */;
			projectDirPath = "";
			projectRoot = "";
			targets = (
				A10000000000000000000001 /* ScreenTextClip */,
				B10000000000000000000001 /* ScreenTextClipTests */,
			);
		};
/* End PBXProject section */

/* Begin PBXResourcesBuildPhase section */
		A10000000000000000003003 /* Resources */ = {
			isa = PBXResourcesBuildPhase;
			buildActionMask = 2147483647;
			files = (
				A1000000000000000000100E /* stc-app-icon.icns in Resources */,
			);
			runOnlyForDeploymentPostprocessing = 0;
		};
		B10000000000000000003003 /* Resources */ = {
			isa = PBXResourcesBuildPhase;
			buildActionMask = 2147483647;
			files = (
			);
			runOnlyForDeploymentPostprocessing = 0;
		};
/* End PBXResourcesBuildPhase section */

/* Begin PBXSourcesBuildPhase section */
		A10000000000000000003001 /* Sources */ = {
			isa = PBXSourcesBuildPhase;
			buildActionMask = 2147483647;
			files = (
				A10000000000000000001001 /* AppDelegate.swift in Sources */,
				A10000000000000000001002 /* MenuBarController.swift in Sources */,
				A1000000000000000000100B /* CaptureCoordinator.swift in Sources */,
				A10000000000000000001004 /* MultiDisplaySelectionOverlay.swift in Sources */,
				A10000000000000000001005 /* SelectionOverlayWindow.swift in Sources */,
				A10000000000000000001006 /* ScreenCaptureService.swift in Sources */,
				A10000000000000000001007 /* OCRService.swift in Sources */,
				A10000000000000000001008 /* ClipboardService.swift in Sources */,
				A10000000000000000001009 /* PermissionService.swift in Sources */,
				A1000000000000000000100A /* NotificationService.swift in Sources */,
				A1000000000000000000100D /* DebugLogger.swift in Sources */,
				A1000000000000000000100F /* HotkeyManager.swift in Sources */,
				A10000000000000000001010 /* TranslationService.swift in Sources */,
				A10000000000000000001011 /* TranslationResultPanelController.swift in Sources */,
				A10000000000000000001012 /* LanguageSettings.swift in Sources */,
				A10000000000000000001013 /* InterfaceLanguage.swift in Sources */,
				B10000000000000000001001 /* LanguageCompositionAnalyzer.swift in Sources */,
			);
			runOnlyForDeploymentPostprocessing = 0;
		};
		B10000000000000000003001 /* Sources */ = {
			isa = PBXSourcesBuildPhase;
			buildActionMask = 2147483647;
			files = (
				B10000000000000000001002 /* OCRQualityTests.swift in Sources */,
				B10000000000000000001003 /* OCRService.swift in Sources */,
				B10000000000000000001004 /* LanguageCompositionAnalyzer.swift in Sources */,
				B10000000000000000001005 /* DebugLogger.swift in Sources */,
			);
			runOnlyForDeploymentPostprocessing = 0;
		};
/* End PBXSourcesBuildPhase section */

/* Begin XCBuildConfiguration section */
		A10000000000000000005001 /* Debug */ = {
			isa = XCBuildConfiguration;
			buildSettings = {
				ALWAYS_SEARCH_USER_PATHS = NO;
				CLANG_ANALYZER_NONNULL = YES;
				CLANG_ANALYZER_NUMBER_OBJECT_CONVERSION = YES_AGGRESSIVE;
				CLANG_CXX_LANGUAGE_STANDARD = "gnu++20";
				CLANG_ENABLE_MODULES = YES;
				CLANG_ENABLE_OBJC_ARC = YES;
				CLANG_ENABLE_OBJC_WEAK = YES;
				CLANG_WARN_BLOCK_CAPTURE_AUTORELEASING = YES;
				CLANG_WARN_BOOL_CONVERSION = YES;
				CLANG_WARN_COMMA = YES;
				CLANG_WARN_CONSTANT_CONVERSION = YES;
				CLANG_WARN_DEPRECATED_OBJC_IMPLEMENTATIONS = YES;
				CLANG_WARN_DIRECT_OBJC_ISA_USAGE = YES_ERROR;
				CLANG_WARN_DOCUMENTATION_COMMENTS = YES;
				CLANG_WARN_EMPTY_BODY = YES;
				CLANG_WARN_ENUM_CONVERSION = YES;
				CLANG_WARN_INFINITE_RECURSION = YES;
				CLANG_WARN_INT_CONVERSION = YES;
				CLANG_WARN_NON_LITERAL_NULL_CONVERSION = YES;
				CLANG_WARN_OBJC_IMPLICIT_RETAIN_SELF = YES;
				CLANG_WARN_OBJC_LITERAL_CONVERSION = YES;
				CLANG_WARN_OBJC_ROOT_CLASS = YES_ERROR;
				CLANG_WARN_QUOTED_INCLUDE_IN_FRAMEWORK_HEADER = YES;
				CLANG_WARN_RANGE_LOOP_ANALYSIS = YES;
				CLANG_WARN_STRICT_PROTOTYPES = YES;
				CLANG_WARN_SUSPICIOUS_MOVE = YES;
				CLANG_WARN_UNGUARDED_AVAILABILITY = YES_AGGRESSIVE;
				CLANG_WARN_UNREACHABLE_CODE = YES;
				CLANG_WARN__DUPLICATE_METHOD_MATCH = YES;
				COPY_PHASE_STRIP = NO;
				DEBUG_INFORMATION_FORMAT = dwarf;
				ENABLE_STRICT_OBJC_MSGSEND = YES;
				ENABLE_TESTABILITY = YES;
				GCC_C_LANGUAGE_STANDARD = gnu17;
				GCC_DYNAMIC_NO_PIC = NO;
				GCC_NO_COMMON_BLOCKS = YES;
				GCC_OPTIMIZATION_LEVEL = 0;
				GCC_PREPROCESSOR_DEFINITIONS = (
					"DEBUG=1",
					"$(inherited)",
				);
				GCC_WARN_64_TO_32_BIT_CONVERSION = YES;
				GCC_WARN_ABOUT_RETURN_TYPE = YES_ERROR;
				GCC_WARN_UNDECLARED_SELECTOR = YES;
				GCC_WARN_UNINITIALIZED_AUTOS = YES_AGGRESSIVE;
				GCC_WARN_UNUSED_FUNCTION = YES;
				GCC_WARN_UNUSED_VARIABLE = YES;
				MACOSX_DEPLOYMENT_TARGET = 14.0;
				MTL_ENABLE_DEBUG_INFO = INCLUDE_SOURCE;
				MTL_FAST_MATH = YES;
				ONLY_ACTIVE_ARCH = YES;
				SDKROOT = macosx;
				SWIFT_ACTIVE_COMPILATION_CONDITIONS = DEBUG;
				SWIFT_OPTIMIZATION_LEVEL = "-Onone";
			};
			name = Debug;
		};
		A10000000000000000005002 /* Release */ = {
			isa = XCBuildConfiguration;
			buildSettings = {
				ALWAYS_SEARCH_USER_PATHS = NO;
				CLANG_ANALYZER_NONNULL = YES;
				CLANG_ANALYZER_NUMBER_OBJECT_CONVERSION = YES_AGGRESSIVE;
				CLANG_CXX_LANGUAGE_STANDARD = "gnu++20";
				CLANG_ENABLE_MODULES = YES;
				CLANG_ENABLE_OBJC_ARC = YES;
				CLANG_ENABLE_OBJC_WEAK = YES;
				CLANG_WARN_BLOCK_CAPTURE_AUTORELEASING = YES;
				CLANG_WARN_BOOL_CONVERSION = YES;
				CLANG_WARN_COMMA = YES;
				CLANG_WARN_CONSTANT_CONVERSION = YES;
				CLANG_WARN_DEPRECATED_OBJC_IMPLEMENTATIONS = YES;
				CLANG_WARN_DIRECT_OBJC_ISA_USAGE = YES_ERROR;
				CLANG_WARN_DOCUMENTATION_COMMENTS = YES;
				CLANG_WARN_EMPTY_BODY = YES;
				CLANG_WARN_ENUM_CONVERSION = YES;
				CLANG_WARN_INFINITE_RECURSION = YES;
				CLANG_WARN_INT_CONVERSION = YES;
				CLANG_WARN_NON_LITERAL_NULL_CONVERSION = YES;
				CLANG_WARN_OBJC_IMPLICIT_RETAIN_SELF = YES;
				CLANG_WARN_OBJC_LITERAL_CONVERSION = YES;
				CLANG_WARN_OBJC_ROOT_CLASS = YES_ERROR;
				CLANG_WARN_QUOTED_INCLUDE_IN_FRAMEWORK_HEADER = YES;
				CLANG_WARN_RANGE_LOOP_ANALYSIS = YES;
				CLANG_WARN_STRICT_PROTOTYPES = YES;
				CLANG_WARN_SUSPICIOUS_MOVE = YES;
				CLANG_WARN_UNGUARDED_AVAILABILITY = YES_AGGRESSIVE;
				CLANG_WARN_UNREACHABLE_CODE = YES;
				CLANG_WARN__DUPLICATE_METHOD_MATCH = YES;
				COPY_PHASE_STRIP = NO;
				DEBUG_INFORMATION_FORMAT = "dwarf-with-dsym";
				ENABLE_NS_ASSERTIONS = NO;
				ENABLE_STRICT_OBJC_MSGSEND = YES;
				GCC_C_LANGUAGE_STANDARD = gnu17;
				GCC_NO_COMMON_BLOCKS = YES;
				GCC_WARN_64_TO_32_BIT_CONVERSION = YES;
				GCC_WARN_ABOUT_RETURN_TYPE = YES_ERROR;
				GCC_WARN_UNDECLARED_SELECTOR = YES;
				GCC_WARN_UNINITIALIZED_AUTOS = YES_AGGRESSIVE;
				GCC_WARN_UNUSED_FUNCTION = YES;
				GCC_WARN_UNUSED_VARIABLE = YES;
				MACOSX_DEPLOYMENT_TARGET = 14.0;
				MTL_ENABLE_DEBUG_INFO = NO;
				MTL_FAST_MATH = YES;
				SDKROOT = macosx;
				SWIFT_COMPILATION_MODE = wholemodule;
				SWIFT_OPTIMIZATION_LEVEL = "-O";
			};
			name = Release;
		};
		A10000000000000000005003 /* Debug */ = {
			isa = XCBuildConfiguration;
			buildSettings = {
				CODE_SIGN_IDENTITY = "-";
				CODE_SIGN_STYLE = Manual;
				COMBINE_HIDPI_IMAGES = YES;
				CONFIGURATION_BUILD_DIR = "$(PROJECT_DIR)/dist/$(CONFIGURATION)";
				CURRENT_PROJECT_VERSION = 4;
				DEVELOPMENT_TEAM = "";
				ENABLE_DEBUG_DYLIB = NO;
				ENABLE_HARDENED_RUNTIME = YES;
				GENERATE_INFOPLIST_FILE = NO;
				INFOPLIST_FILE = ScreenTextClip/Info.plist;
				LD_RUNPATH_SEARCH_PATHS = (
					"$(inherited)",
					"@executable_path/../Frameworks",
				);
				MACOSX_DEPLOYMENT_TARGET = 14.0;
				MARKETING_VERSION = 0.5.0;
				PRODUCT_BUNDLE_IDENTIFIER = com.wangjm.ScreenTextClip;
				PRODUCT_NAME = "$(TARGET_NAME)";
				SWIFT_VERSION = 5.0;
			};
			name = Debug;
		};
		A10000000000000000005004 /* Release */ = {
			isa = XCBuildConfiguration;
			buildSettings = {
				CODE_SIGN_IDENTITY = "-";
				CODE_SIGN_INJECT_BASE_ENTITLEMENTS = NO;
				CODE_SIGN_STYLE = Manual;
				COMBINE_HIDPI_IMAGES = YES;
				CONFIGURATION_BUILD_DIR = "$(PROJECT_DIR)/dist/$(CONFIGURATION)";
				CURRENT_PROJECT_VERSION = 4;
				DEVELOPMENT_TEAM = "";
				ENABLE_HARDENED_RUNTIME = YES;
				GENERATE_INFOPLIST_FILE = NO;
				INFOPLIST_FILE = ScreenTextClip/Info.plist;
				LD_RUNPATH_SEARCH_PATHS = (
					"$(inherited)",
					"@executable_path/../Frameworks",
				);
				MACOSX_DEPLOYMENT_TARGET = 14.0;
				MARKETING_VERSION = 0.5.0;
				PRODUCT_BUNDLE_IDENTIFIER = com.wangjm.ScreenTextClip;
				PRODUCT_NAME = "$(TARGET_NAME)";
				SWIFT_VERSION = 5.0;
			};
			name = Release;
		};
		B10000000000000000005001 /* Debug */ = {
			isa = XCBuildConfiguration;
			buildSettings = {
				CODE_SIGN_IDENTITY = "-";
				CODE_SIGN_STYLE = Manual;
				DEVELOPMENT_TEAM = "";
				GENERATE_INFOPLIST_FILE = YES;
				MACOSX_DEPLOYMENT_TARGET = 14.0;
				PRODUCT_BUNDLE_IDENTIFIER = com.wangjm.ScreenTextClipTests;
				PRODUCT_NAME = "$(TARGET_NAME)";
				SWIFT_VERSION = 5.0;
			};
			name = Debug;
		};
		B10000000000000000005002 /* Release */ = {
			isa = XCBuildConfiguration;
			buildSettings = {
				CODE_SIGN_IDENTITY = "-";
				CODE_SIGN_STYLE = Manual;
				DEVELOPMENT_TEAM = "";
				GENERATE_INFOPLIST_FILE = YES;
				MACOSX_DEPLOYMENT_TARGET = 14.0;
				PRODUCT_BUNDLE_IDENTIFIER = com.wangjm.ScreenTextClipTests;
				PRODUCT_NAME = "$(TARGET_NAME)";
				SWIFT_VERSION = 5.0;
			};
			name = Release;
		};
/* End XCBuildConfiguration section */

/* Begin XCConfigurationList section */
		A10000000000000000006001 /* Build configuration list for PBXProject "ScreenTextClip" */ = {
			isa = XCConfigurationList;
			buildConfigurations = (
				A10000000000000000005001 /* Debug */,
				A10000000000000000005002 /* Release */,
			);
			defaultConfigurationIsVisible = 0;
			defaultConfigurationName = Release;
		};
		A10000000000000000006002 /* Build configuration list for PBXNativeTarget "ScreenTextClip" */ = {
			isa = XCConfigurationList;
			buildConfigurations = (
				A10000000000000000005003 /* Debug */,
				A10000000000000000005004 /* Release */,
			);
			defaultConfigurationIsVisible = 0;
			defaultConfigurationName = Release;
		};
		B10000000000000000006001 /* Build configuration list for PBXNativeTarget "ScreenTextClipTests" */ = {
			isa = XCConfigurationList;
			buildConfigurations = (
				B10000000000000000005001 /* Debug */,
				B10000000000000000005002 /* Release */,
			);
			defaultConfigurationIsVisible = 0;
			defaultConfigurationName = Release;
		};
/* End XCConfigurationList section */

	};
	rootObject = A10000000000000000000002 /* Project object */;
}
